<?xml version="1.0" encoding="utf-8"?>
<Project ToolsVersion="4.0" xmlns="http://schemas.microsoft.com/developer/msbuild/2003">
  <ItemGroup>
    <Filter Include="Form Files">
      <UniqueIdentifier>{99349809-55BA-4b9d-BF79-8FDBB0286EB3}</UniqueIdentifier>
      <Extensions>ui</Extensions>
      <ParseFiles>false</ParseFiles>
    </Filter>
    <Filter Include="Form Files">
      <UniqueIdentifier>{99349809-55BA-4b9d-BF79-8FDBB0286EB3}</UniqueIdentifier>
      <Extensions>ui</Extensions>
      <ParseFiles>false</ParseFiles>
    </Filter>
    <Filter Include="Generated Files">
      <UniqueIdentifier>{71ED8ED8-ACB9-4CE9-BBE1-E00B30144E11}</UniqueIdentifier>
      <Extensions>cpp;c;cxx;moc;h;def;odl;idl;res;</Extensions>
    </Filter>
    <Filter Include="Generated Files">
      <UniqueIdentifier>{71ED8ED8-ACB9-4CE9-BBE1-E00B30144E11}</UniqueIdentifier>
      <Extensions>cpp;c;cxx;moc;h;def;odl;idl;res;</Extensions>
    </Filter>
    <Filter Include="Header Files">
      <UniqueIdentifier>{93995380-89BD-4b04-88EB-625FBE52EBFB}</UniqueIdentifier>
      <Extensions>h;hpp;hxx;hm;inl;inc;xsd</Extensions>
    </Filter>
    <Filter Include="Header Files">
      <UniqueIdentifier>{93995380-89BD-4b04-88EB-625FBE52EBFB}</UniqueIdentifier>
      <Extensions>h;hpp;hxx;hm;inl;inc;xsd</Extensions>
    </Filter>
    <Filter Include="Resource Files">
      <UniqueIdentifier>{D9D6E242-F8AF-46E4-B9FD-80ECBC20BA3E}</UniqueIdentifier>
      <Extensions>qrc;*</Extensions>
      <ParseFiles>false</ParseFiles>
    </Filter>
    <Filter Include="Resource Files">
      <UniqueIdentifier>{D9D6E242-F8AF-46E4-B9FD-80ECBC20BA3E}</UniqueIdentifier>
      <Extensions>qrc;*</Extensions>
      <ParseFiles>false</ParseFiles>
    </Filter>
    <Filter Include="Source Files">
      <UniqueIdentifier>{4FC737F1-C7A5-4376-A066-2A32D752A2FF}</UniqueIdentifier>
      <Extensions>cpp;c;cxx;def;odl;idl;hpj;bat;asm;asmx</Extensions>
    </Filter>
    <Filter Include="Source Files">
      <UniqueIdentifier>{4FC737F1-C7A5-4376-A066-2A32D752A2FF}</UniqueIdentifier>
      <Extensions>cpp;c;cxx;def;odl;idl;hpj;bat;asm;asmx</Extensions>
    </Filter>
    <Filter Include="Generated Files\Debug">
      <UniqueIdentifier>{6205e134-2e3d-4509-8ef6-f85755c16659}</UniqueIdentifier>
      <Extensions>cpp;moc</Extensions>
      <SourceControlFiles>False</SourceControlFiles>
    </Filter>
    <Filter Include="Generated Files\Release">
      <UniqueIdentifier>{1d45e0ca-d2c0-48bd-9838-6c5ad7eab904}</UniqueIdentifier>
      <Extensions>cpp;moc</Extensions>
      <SourceControlFiles>False</SourceControlFiles>
    </Filter>
  </ItemGroup>
  <ItemGroup>
    <ClCompile Include="Main.cpp">
      <Filter>Source Files</Filter>
    </ClCompile>
    <ClCompile Include="instancecommunication.cpp">
      <Filter>Source Files</Filter>
    </ClCompile>
    <ClCompile Include="iplist.cpp">
      <Filter>Source Files</Filter>
    </ClCompile>
    <ClCompile Include="jsbridge.cpp">
      <Filter>Source Files</Filter>
    </ClCompile>
    <ClCompile Include="mainwindow.cpp">
      <Filter>Source Files</Filter>
    </ClCompile>
    <ClCompile Include="messageqeue.cpp">
      <Filter>Source Files</Filter>
    </ClCompile>
    <ClCompile Include="parsemessage.cpp">
      <Filter>Source Files</Filter>
    </ClCompile>
    <ClCompile Include="proxysettings.cpp">
      <Filter>Source Files</Filter>
    </ClCompile>
    <ClCompile Include="settings.cpp">
      <Filter>Source Files</Filter>
    </ClCompile>
    <ClCompile Include="sha1.cpp">
      <Filter>Source Files</Filter>
    </ClCompile>
    <ClCompile Include="systemproxy.cpp">
      <Filter>Source Files</Filter>
    </ClCompile>
    <ClCompile Include="tooltip.cpp">
      <Filter>Source Files</Filter>
    </ClCompile>
    <ClCompile Include="translator.cpp">
      <Filter>Source Files</Filter>
    </ClCompile>
    <ClCompile Include="tuxlerapp.cpp">
      <Filter>Source Files</Filter>
    </ClCompile>
    <ClCompile Include="functions_.cpp">
      <Filter>Source Files</Filter>
    </ClCompile>
    <ClCompile Include="Debug\moc_instancecommunication.cpp">
      <Filter>Generated Files\Debug</Filter>
    </ClCompile>
    <ClCompile Include="Release\moc_instancecommunication.cpp">
      <Filter>Generated Files\Release</Filter>
    </ClCompile>
    <ClCompile Include="EngineImpl.cpp">
      <Filter>Source Files</Filter>
    </ClCompile>
    <ClCompile Include="newipengineconnector.cpp">
      <Filter>Source Files</Filter>
    </ClCompile>
    <ClCompile Include="Debug\moc_newipengineconnector.cpp">
      <Filter>Generated Files\Debug</Filter>
    </ClCompile>
    <ClCompile Include="Release\moc_newipengineconnector.cpp">
      <Filter>Generated Files\Release</Filter>
    </ClCompile>
    <ClCompile Include="EngineEvents.cpp">
      <Filter>Source Files</Filter>
    </ClCompile>
    <ClCompile Include="base64.cpp">
      <Filter>Source Files</Filter>
    </ClCompile>
    <ClCompile Include="WebSocketClient.cpp">
      <Filter>Source Files</Filter>
    </ClCompile>
    <ClCompile Include="Debug\moc_WebSocketClient.cpp">
      <Filter>Generated Files\Debug</Filter>
    </ClCompile>
    <ClCompile Include="Release\moc_WebSocketClient.cpp">
      <Filter>Generated Files\Release</Filter>
    </ClCompile>
  </ItemGroup>
  <ItemGroup>
    <CustomBuild Include="jsbridge.h">
      <Filter>Header Files</Filter>
    </CustomBuild>
    <CustomBuild Include="mainwindow.h">
      <Filter>Header Files</Filter>
    </CustomBuild>
    <CustomBuild Include="messageqeue.h">
      <Filter>Header Files</Filter>
    </CustomBuild>
    <CustomBuild Include="settings.h">
      <Filter>Header Files</Filter>
    </CustomBuild>
    <CustomBuild Include="systemproxy.h">
      <Filter>Header Files</Filter>
    </CustomBuild>
    <CustomBuild Include="tooltip.h">
      <Filter>Header Files</Filter>
    </CustomBuild>
    <CustomBuild Include="tuxlerapp.h">
      <Filter>Header Files</Filter>
    </CustomBuild>
    <CustomBuild Include="ui_mainwindowIPSHARKK.h">
      <Filter>Generated Files</Filter>
    </CustomBuild>
    <CustomBuild Include="ui_tooltipIPSHARKK.h">
      <Filter>Generated Files</Filter>
    </CustomBuild>
    <CustomBuild Include="functions.h">
      <Filter>Header Files</Filter>
    </CustomBuild>
    <CustomBuild Include="iplist.h">
      <Filter>Header Files</Filter>
    </CustomBuild>
    <CustomBuild Include="parsemessage.h">
      <Filter>Header Files</Filter>
    </CustomBuild>
    <CustomBuild Include="proxysettings.h">
      <Filter>Header Files</Filter>
    </CustomBuild>
    <CustomBuild Include="sha1.h">
      <Filter>Header Files</Filter>
    </CustomBuild>
    <CustomBuild Include="translator.h">
      <Filter>Header Files</Filter>
    </CustomBuild>
    <CustomBuild Include="IPSharkkResources\5rJr5.png">
      <Filter>Resource Files</Filter>
    </CustomBuild>
    <CustomBuild Include="IPSharkkResources\8xDbU.png">
      <Filter>Resource Files</Filter>
    </CustomBuild>
    <CustomBuild Include="flags\AD.png">
      <Filter>Resource Files</Filter>
    </CustomBuild>
    <CustomBuild Include="flags\AE.png">
      <Filter>Resource Files</Filter>
    </CustomBuild>
    <CustomBuild Include="flags\AF.png">
      <Filter>Resource Files</Filter>
    </CustomBuild>
    <CustomBuild Include="flags\AG.png">
      <Filter>Resource Files</Filter>
    </CustomBuild>
    <CustomBuild Include="flags\AI.png">
      <Filter>Resource Files</Filter>
    </CustomBuild>
    <CustomBuild Include="flags\AL.png">
      <Filter>Resource Files</Filter>
    </CustomBuild>
    <CustomBuild Include="flags\AM.png">
      <Filter>Resource Files</Filter>
    </CustomBuild>
    <CustomBuild Include="flags\AN.png">
      <Filter>Resource Files</Filter>
    </CustomBuild>
    <CustomBuild Include="flags\AO.png">
      <Filter>Resource Files</Filter>
    </CustomBuild>
    <CustomBuild Include="flags\AQ.png">
      <Filter>Resource Files</Filter>
    </CustomBuild>
    <CustomBuild Include="flags\AR.png">
      <Filter>Resource Files</Filter>
    </CustomBuild>
    <CustomBuild Include="flags\AS.png">
      <Filter>Resource Files</Filter>
    </CustomBuild>
    <CustomBuild Include="flags\AT.png">
      <Filter>Resource Files</Filter>
    </CustomBuild>
    <CustomBuild Include="flags\AU.png">
      <Filter>Resource Files</Filter>
    </CustomBuild>
    <CustomBuild Include="flags\AW.png">
      <Filter>Resource Files</Filter>
    </CustomBuild>
    <CustomBuild Include="flags\AX.png">
      <Filter>Resource Files</Filter>
    </CustomBuild>
    <CustomBuild Include="flags\AZ.png">
      <Filter>Resource Files</Filter>
    </CustomBuild>
    <CustomBuild Include="flags\BA.png">
      <Filter>Resource Files</Filter>
    </CustomBuild>
    <CustomBuild Include="flags\BB.png">
      <Filter>Resource Files</Filter>
    </CustomBuild>
    <CustomBuild Include="flags\BD.png">
      <Filter>Resource Files</Filter>
    </CustomBuild>
    <CustomBuild Include="flags\BE.png">
      <Filter>Resource Files</Filter>
    </CustomBuild>
    <CustomBuild Include="flags\BF.png">
      <Filter>Resource Files</Filter>
    </CustomBuild>
    <CustomBuild Include="flags\BG.png">
      <Filter>Resource Files</Filter>
    </CustomBuild>
    <CustomBuild Include="flags\BH.png">
      <Filter>Resource Files</Filter>
    </CustomBuild>
    <CustomBuild Include="flags\BI.png">
      <Filter>Resource Files</Filter>
    </CustomBuild>
    <CustomBuild Include="flags\BJ.png">
      <Filter>Resource Files</Filter>
    </CustomBuild>
    <CustomBuild Include="flags\BL.png">
      <Filter>Resource Files</Filter>
    </CustomBuild>
    <CustomBuild Include="flags\BM.png">
      <Filter>Resource Files</Filter>
    </CustomBuild>
    <CustomBuild Include="flags\BN.png">
      <Filter>Resource Files</Filter>
    </CustomBuild>
    <CustomBuild Include="flags\BO.png">
      <Filter>Resource Files</Filter>
    </CustomBuild>
    <CustomBuild Include="flags\BR.png">
      <Filter>Resource Files</Filter>
    </CustomBuild>
    <CustomBuild Include="flags\BS.png">
      <Filter>Resource Files</Filter>
    </CustomBuild>
    <CustomBuild Include="flags\BT.png">
      <Filter>Resource Files</Filter>
    </CustomBuild>
    <CustomBuild Include="flags\BW.png">
      <Filter>Resource Files</Filter>
    </CustomBuild>
    <CustomBuild Include="flags\BY.png">
      <Filter>Resource Files</Filter>
    </CustomBuild>
    <CustomBuild Include="flags\BZ.png">
      <Filter>Resource Files</Filter>
    </CustomBuild>
    <CustomBuild Include="flags\CA.png">
      <Filter>Resource Files</Filter>
    </CustomBuild>
    <CustomBuild Include="flags\CC.png">
      <Filter>Resource Files</Filter>
    </CustomBuild>
    <CustomBuild Include="flags\CD.png">
      <Filter>Resource Files</Filter>
    </CustomBuild>
    <CustomBuild Include="flags\CF.png">
      <Filter>Resource Files</Filter>
    </CustomBuild>
    <CustomBuild Include="flags\CG.png">
      <Filter>Resource Files</Filter>
    </CustomBuild>
    <CustomBuild Include="flags\CH.png">
      <Filter>Resource Files</Filter>
    </CustomBuild>
    <CustomBuild Include="flags\CI.png">
      <Filter>Resource Files</Filter>
    </CustomBuild>
    <CustomBuild Include="flags\CK.png">
      <Filter>Resource Files</Filter>
    </CustomBuild>
    <CustomBuild Include="flags\CL.png">
      <Filter>Resource Files</Filter>
    </CustomBuild>
    <CustomBuild Include="flags\CM.png">
      <Filter>Resource Files</Filter>
    </CustomBuild>
    <CustomBuild Include="flags\CN.png">
      <Filter>Resource Files</Filter>
    </CustomBuild>
    <CustomBuild Include="flags\CO.png">
      <Filter>Resource Files</Filter>
    </CustomBuild>
    <CustomBuild Include="flags\CR.png">
      <Filter>Resource Files</Filter>
    </CustomBuild>
    <CustomBuild Include="flags\CU.png">
      <Filter>Resource Files</Filter>
    </CustomBuild>
    <CustomBuild Include="flags\CV.png">
      <Filter>Resource Files</Filter>
    </CustomBuild>
    <CustomBuild Include="flags\CW.png">
      <Filter>Resource Files</Filter>
    </CustomBuild>
    <CustomBuild Include="flags\CX.png">
      <Filter>Resource Files</Filter>
    </CustomBuild>
    <CustomBuild Include="flags\CY.png">
      <Filter>Resource Files</Filter>
    </CustomBuild>
    <CustomBuild Include="flags\CZ.png">
      <Filter>Resource Files</Filter>
    </CustomBuild>
    <CustomBuild Include="flags\DE.png">
      <Filter>Resource Files</Filter>
    </CustomBuild>
    <CustomBuild Include="flags\DJ.png">
      <Filter>Resource Files</Filter>
    </CustomBuild>
    <CustomBuild Include="flags\DK.png">
      <Filter>Resource Files</Filter>
    </CustomBuild>
    <CustomBuild Include="flags\DM.png">
      <Filter>Resource Files</Filter>
    </CustomBuild>
    <CustomBuild Include="flags\DO.png">
      <Filter>Resource Files</Filter>
    </CustomBuild>
    <CustomBuild Include="flags\DZ.png">
      <Filter>Resource Files</Filter>
    </CustomBuild>
    <CustomBuild Include="flags\EC.png">
      <Filter>Resource Files</Filter>
    </CustomBuild>
    <CustomBuild Include="flags\EE.png">
      <Filter>Resource Files</Filter>
    </CustomBuild>
    <CustomBuild Include="flags\EG.png">
      <Filter>Resource Files</Filter>
    </CustomBuild>
    <CustomBuild Include="flags\EH.png">
      <Filter>Resource Files</Filter>
    </CustomBuild>
    <CustomBuild Include="flags\ER.png">
      <Filter>Resource Files</Filter>
    </CustomBuild>
    <CustomBuild Include="flags\ES.png">
      <Filter>Resource Files</Filter>
    </CustomBuild>
    <CustomBuild Include="flags\ET.png">
      <Filter>Resource Files</Filter>
    </CustomBuild>
    <CustomBuild Include="flags\EU.png">
      <Filter>Resource Files</Filter>
    </CustomBuild>
    <CustomBuild Include="flags\FI.png">
      <Filter>Resource Files</Filter>
    </CustomBuild>
    <CustomBuild Include="flags\FJ.png">
      <Filter>Resource Files</Filter>
    </CustomBuild>
    <CustomBuild Include="flags\FK.png">
      <Filter>Resource Files</Filter>
    </CustomBuild>
    <CustomBuild Include="flags\FM.png">
      <Filter>Resource Files</Filter>
    </CustomBuild>
    <CustomBuild Include="flags\FO.png">
      <Filter>Resource Files</Filter>
    </CustomBuild>
    <CustomBuild Include="flags\FR.png">
      <Filter>Resource Files</Filter>
    </CustomBuild>
    <CustomBuild Include="IPSharkkResources\FguQn.png">
      <Filter>Resource Files</Filter>
    </CustomBuild>
    <CustomBuild Include="IPSharkkResources\FreeVersion.png">
      <Filter>Resource Files</Filter>
    </CustomBuild>
    <CustomBuild Include="flags\GA.png">
      <Filter>Resource Files</Filter>
    </CustomBuild>
    <CustomBuild Include="flags\GB.png">
      <Filter>Resource Files</Filter>
    </CustomBuild>
    <CustomBuild Include="flags\GD.png">
      <Filter>Resource Files</Filter>
    </CustomBuild>
    <CustomBuild Include="flags\GE.png">
      <Filter>Resource Files</Filter>
    </CustomBuild>
    <CustomBuild Include="flags\GG.png">
      <Filter>Resource Files</Filter>
    </CustomBuild>
    <CustomBuild Include="flags\GH.png">
      <Filter>Resource Files</Filter>
    </CustomBuild>
    <CustomBuild Include="flags\GI.png">
      <Filter>Resource Files</Filter>
    </CustomBuild>
    <CustomBuild Include="flags\GL.png">
      <Filter>Resource Files</Filter>
    </CustomBuild>
    <CustomBuild Include="flags\GM.png">
      <Filter>Resource Files</Filter>
    </CustomBuild>
    <CustomBuild Include="flags\GN.png">
      <Filter>Resource Files</Filter>
    </CustomBuild>
    <CustomBuild Include="flags\GQ.png">
      <Filter>Resource Files</Filter>
    </CustomBuild>
    <CustomBuild Include="flags\GR.png">
      <Filter>Resource Files</Filter>
    </CustomBuild>
    <CustomBuild Include="flags\GS.png">
      <Filter>Resource Files</Filter>
    </CustomBuild>
    <CustomBuild Include="flags\GT.png">
      <Filter>Resource Files</Filter>
    </CustomBuild>
    <CustomBuild Include="flags\GU.png">
      <Filter>Resource Files</Filter>
    </CustomBuild>
    <CustomBuild Include="flags\GW.png">
      <Filter>Resource Files</Filter>
    </CustomBuild>
    <CustomBuild Include="flags\GY.png">
      <Filter>Resource Files</Filter>
    </CustomBuild>
    <CustomBuild Include="flags\HK.png">
      <Filter>Resource Files</Filter>
    </CustomBuild>
    <CustomBuild Include="flags\HN.png">
      <Filter>Resource Files</Filter>
    </CustomBuild>
    <CustomBuild Include="flags\HR.png">
      <Filter>Resource Files</Filter>
    </CustomBuild>
    <CustomBuild Include="flags\HT.png">
      <Filter>Resource Files</Filter>
    </CustomBuild>
    <CustomBuild Include="flags\HU.png">
      <Filter>Resource Files</Filter>
    </CustomBuild>
    <CustomBuild Include="flags\IC.png">
      <Filter>Resource Files</Filter>
    </CustomBuild>
    <CustomBuild Include="flags\ID.png">
      <Filter>Resource Files</Filter>
    </CustomBuild>
    <CustomBuild Include="flags\IE.png">
      <Filter>Resource Files</Filter>
    </CustomBuild>
    <CustomBuild Include="flags\IL.png">
      <Filter>Resource Files</Filter>
    </CustomBuild>
    <CustomBuild Include="flags\IM.png">
      <Filter>Resource Files</Filter>
    </CustomBuild>
    <CustomBuild Include="flags\IN.png">
      <Filter>Resource Files</Filter>
    </CustomBuild>
    <CustomBuild Include="flags\IO.png">
      <Filter>Resource Files</Filter>
    </CustomBuild>
    <CustomBuild Include="flags\IQ.png">
      <Filter>Resource Files</Filter>
    </CustomBuild>
    <CustomBuild Include="flags\IR.png">
      <Filter>Resource Files</Filter>
    </CustomBuild>
    <CustomBuild Include="flags\IS.png">
      <Filter>Resource Files</Filter>
    </CustomBuild>
    <CustomBuild Include="flags\IT.png">
      <Filter>Resource Files</Filter>
    </CustomBuild>
    <CustomBuild Include="flags\JE.png">
      <Filter>Resource Files</Filter>
    </CustomBuild>
    <CustomBuild Include="flags\JM.png">
      <Filter>Resource Files</Filter>
    </CustomBuild>
    <CustomBuild Include="flags\JO.png">
      <Filter>Resource Files</Filter>
    </CustomBuild>
    <CustomBuild Include="flags\JP.png">
      <Filter>Resource Files</Filter>
    </CustomBuild>
    <CustomBuild Include="flags\KE.png">
      <Filter>Resource Files</Filter>
    </CustomBuild>
    <CustomBuild Include="flags\KG.png">
      <Filter>Resource Files</Filter>
    </CustomBuild>
    <CustomBuild Include="flags\KH.png">
      <Filter>Resource Files</Filter>
    </CustomBuild>
    <CustomBuild Include="flags\KI.png">
      <Filter>Resource Files</Filter>
    </CustomBuild>
    <CustomBuild Include="flags\KM.png">
      <Filter>Resource Files</Filter>
    </CustomBuild>
    <CustomBuild Include="flags\KN.png">
      <Filter>Resource Files</Filter>
    </CustomBuild>
    <CustomBuild Include="flags\KP.png">
      <Filter>Resource Files</Filter>
    </CustomBuild>
    <CustomBuild Include="IPSharkkResources\KQvwk.png">
      <Filter>Resource Files</Filter>
    </CustomBuild>
    <CustomBuild Include="flags\KR.png">
      <Filter>Resource Files</Filter>
    </CustomBuild>
    <CustomBuild Include="flags\KW.png">
      <Filter>Resource Files</Filter>
    </CustomBuild>
    <CustomBuild Include="flags\KY.png">
      <Filter>Resource Files</Filter>
    </CustomBuild>
    <CustomBuild Include="flags\KZ.png">
      <Filter>Resource Files</Filter>
    </CustomBuild>
    <CustomBuild Include="flags\LA.png">
      <Filter>Resource Files</Filter>
    </CustomBuild>
    <CustomBuild Include="flags\LB.png">
      <Filter>Resource Files</Filter>
    </CustomBuild>
    <CustomBuild Include="flags\LC.png">
      <Filter>Resource Files</Filter>
    </CustomBuild>
    <CustomBuild Include="flags\LI.png">
      <Filter>Resource Files</Filter>
    </CustomBuild>
    <CustomBuild Include="flags\LK.png">
      <Filter>Resource Files</Filter>
    </CustomBuild>
    <CustomBuild Include="flags\LR.png">
      <Filter>Resource Files</Filter>
    </CustomBuild>
    <CustomBuild Include="flags\LS.png">
      <Filter>Resource Files</Filter>
    </CustomBuild>
    <CustomBuild Include="flags\LT.png">
      <Filter>Resource Files</Filter>
    </CustomBuild>
    <CustomBuild Include="flags\LU.png">
      <Filter>Resource Files</Filter>
    </CustomBuild>
    <CustomBuild Include="flags\LV.png">
      <Filter>Resource Files</Filter>
    </CustomBuild>
    <CustomBuild Include="flags\LY.png">
      <Filter>Resource Files</Filter>
    </CustomBuild>
    <CustomBuild Include="flags\MA.png">
      <Filter>Resource Files</Filter>
    </CustomBuild>
    <CustomBuild Include="flags\MC.png">
      <Filter>Resource Files</Filter>
    </CustomBuild>
    <CustomBuild Include="flags\MD.png">
      <Filter>Resource Files</Filter>
    </CustomBuild>
    <CustomBuild Include="flags\ME.png">
      <Filter>Resource Files</Filter>
    </CustomBuild>
    <CustomBuild Include="flags\MF.png">
      <Filter>Resource Files</Filter>
    </CustomBuild>
    <CustomBuild Include="flags\MG.png">
      <Filter>Resource Files</Filter>
    </CustomBuild>
    <CustomBuild Include="flags\MH.png">
      <Filter>Resource Files</Filter>
    </CustomBuild>
    <CustomBuild Include="flags\MK.png">
      <Filter>Resource Files</Filter>
    </CustomBuild>
    <CustomBuild Include="flags\ML.png">
      <Filter>Resource Files</Filter>
    </CustomBuild>
    <CustomBuild Include="flags\MM.png">
      <Filter>Resource Files</Filter>
    </CustomBuild>
    <CustomBuild Include="flags\MN.png">
      <Filter>Resource Files</Filter>
    </CustomBuild>
    <CustomBuild Include="flags\MO.png">
      <Filter>Resource Files</Filter>
    </CustomBuild>
    <CustomBuild Include="flags\MP.png">
      <Filter>Resource Files</Filter>
    </CustomBuild>
    <CustomBuild Include="flags\MQ.png">
      <Filter>Resource Files</Filter>
    </CustomBuild>
    <CustomBuild Include="flags\MR.png">
      <Filter>Resource Files</Filter>
    </CustomBuild>
    <CustomBuild Include="flags\MS.png">
      <Filter>Resource Files</Filter>
    </CustomBuild>
    <CustomBuild Include="flags\MT.png">
      <Filter>Resource Files</Filter>
    </CustomBuild>
    <CustomBuild Include="flags\MU.png">
      <Filter>Resource Files</Filter>
    </CustomBuild>
    <CustomBuild Include="flags\MV.png">
      <Filter>Resource Files</Filter>
    </CustomBuild>
    <CustomBuild Include="flags\MW.png">
      <Filter>Resource Files</Filter>
    </CustomBuild>
    <CustomBuild Include="flags\MX.png">
      <Filter>Resource Files</Filter>
    </CustomBuild>
    <CustomBuild Include="flags\MY.png">
      <Filter>Resource Files</Filter>
    </CustomBuild>
    <CustomBuild Include="flags\MZ.png">
      <Filter>Resource Files</Filter>
    </CustomBuild>
    <CustomBuild Include="IPSharkkResources\MessageReceiver.js">
      <Filter>Resource Files</Filter>
    </CustomBuild>
    <CustomBuild Include="flags\NA.png">
      <Filter>Resource Files</Filter>
    </CustomBuild>
    <CustomBuild Include="flags\NC.png">
      <Filter>Resource Files</Filter>
    </CustomBuild>
    <CustomBuild Include="flags\NE.png">
      <Filter>Resource Files</Filter>
    </CustomBuild>
    <CustomBuild Include="flags\NF.png">
      <Filter>Resource Files</Filter>
    </CustomBuild>
    <CustomBuild Include="flags\NG.png">
      <Filter>Resource Files</Filter>
    </CustomBuild>
    <CustomBuild Include="flags\NI.png">
      <Filter>Resource Files</Filter>
    </CustomBuild>
    <CustomBuild Include="flags\NL.png">
      <Filter>Resource Files</Filter>
    </CustomBuild>
    <CustomBuild Include="flags\NO.png">
      <Filter>Resource Files</Filter>
    </CustomBuild>
    <CustomBuild Include="flags\NP.png">
      <Filter>Resource Files</Filter>
    </CustomBuild>
    <CustomBuild Include="IPSharkkResources\NQ2K6.png">
      <Filter>Resource Files</Filter>
    </CustomBuild>
    <CustomBuild Include="flags\NR.png">
      <Filter>Resource Files</Filter>
    </CustomBuild>
    <CustomBuild Include="flags\NU.png">
      <Filter>Resource Files</Filter>
    </CustomBuild>
    <CustomBuild Include="flags\NZ.png">
      <Filter>Resource Files</Filter>
    </CustomBuild>
    <CustomBuild Include="IPSharkkResources\NdaTT.png">
      <Filter>Resource Files</Filter>
    </CustomBuild>
    <CustomBuild Include="flags\OM.png">
      <Filter>Resource Files</Filter>
    </CustomBuild>
    <CustomBuild Include="flags\PA.png">
      <Filter>Resource Files</Filter>
    </CustomBuild>
    <CustomBuild Include="flags\PE.png">
      <Filter>Resource Files</Filter>
    </CustomBuild>
    <CustomBuild Include="flags\PF.png">
      <Filter>Resource Files</Filter>
    </CustomBuild>
    <CustomBuild Include="flags\PG.png">
      <Filter>Resource Files</Filter>
    </CustomBuild>
    <CustomBuild Include="flags\PH.png">
      <Filter>Resource Files</Filter>
    </CustomBuild>
    <CustomBuild Include="flags\PK.png">
      <Filter>Resource Files</Filter>
    </CustomBuild>
    <CustomBuild Include="flags\PL.png">
      <Filter>Resource Files</Filter>
    </CustomBuild>
    <CustomBuild Include="flags\PM.png">
      <Filter>Resource Files</Filter>
    </CustomBuild>
    <CustomBuild Include="flags\PN.png">
      <Filter>Resource Files</Filter>
    </CustomBuild>
    <CustomBuild Include="flags\PR.png">
      <Filter>Resource Files</Filter>
    </CustomBuild>
    <CustomBuild Include="flags\PS.png">
      <Filter>Resource Files</Filter>
    </CustomBuild>
    <CustomBuild Include="flags\PT.png">
      <Filter>Resource Files</Filter>
    </CustomBuild>
    <CustomBuild Include="flags\PW.png">
      <Filter>Resource Files</Filter>
    </CustomBuild>
    <CustomBuild Include="flags\PY.png">
      <Filter>Resource Files</Filter>
    </CustomBuild>
    <CustomBuild Include="IPSharkkResources\PremiumVersion.png">
      <Filter>Resource Files</Filter>
    </CustomBuild>
    <CustomBuild Include="flags\QA.png">
      <Filter>Resource Files</Filter>
    </CustomBuild>
    <CustomBuild Include="IPSharkkResources\RDf8L.png">
      <Filter>Resource Files</Filter>
    </CustomBuild>
    <CustomBuild Include="flags\RO.png">
      <Filter>Resource Files</Filter>
    </CustomBuild>
    <CustomBuild Include="flags\RS.png">
      <Filter>Resource Files</Filter>
    </CustomBuild>
    <CustomBuild Include="flags\RU.png">
      <Filter>Resource Files</Filter>
    </CustomBuild>
    <CustomBuild Include="flags\RW.png">
      <Filter>Resource Files</Filter>
    </CustomBuild>
    <CustomBuild Include="IPSharkkResources\Rb6ru.png">
      <Filter>Resource Files</Filter>
    </CustomBuild>
    <CustomBuild Include="flags\SA.png">
      <Filter>Resource Files</Filter>
    </CustomBuild>
    <CustomBuild Include="flags\SB.png">
      <Filter>Resource Files</Filter>
    </CustomBuild>
    <CustomBuild Include="flags\SC.png">
      <Filter>Resource Files</Filter>
    </CustomBuild>
    <CustomBuild Include="flags\SD.png">
      <Filter>Resource Files</Filter>
    </CustomBuild>
    <CustomBuild Include="flags\SE.png">
      <Filter>Resource Files</Filter>
    </CustomBuild>
    <CustomBuild Include="flags\SG.png">
      <Filter>Resource Files</Filter>
    </CustomBuild>
    <CustomBuild Include="flags\SH.png">
      <Filter>Resource Files</Filter>
    </CustomBuild>
    <CustomBuild Include="flags\SI.png">
      <Filter>Resource Files</Filter>
    </CustomBuild>
    <CustomBuild Include="flags\SK.png">
      <Filter>Resource Files</Filter>
    </CustomBuild>
    <CustomBuild Include="flags\SL.png">
      <Filter>Resource Files</Filter>
    </CustomBuild>
    <CustomBuild Include="flags\SM.png">
      <Filter>Resource Files</Filter>
    </CustomBuild>
    <CustomBuild Include="flags\SN.png">
      <Filter>Resource Files</Filter>
    </CustomBuild>
    <CustomBuild Include="flags\SO.png">
      <Filter>Resource Files</Filter>
    </CustomBuild>
    <CustomBuild Include="flags\SR.png">
      <Filter>Resource Files</Filter>
    </CustomBuild>
    <CustomBuild Include="flags\SS.png">
      <Filter>Resource Files</Filter>
    </CustomBuild>
    <CustomBuild Include="flags\ST.png">
      <Filter>Resource Files</Filter>
    </CustomBuild>
    <CustomBuild Include="flags\SV.png">
      <Filter>Resource Files</Filter>
    </CustomBuild>
    <CustomBuild Include="flags\SY.png">
      <Filter>Resource Files</Filter>
    </CustomBuild>
    <CustomBuild Include="flags\SZ.png">
      <Filter>Resource Files</Filter>
    </CustomBuild>
    <CustomBuild Include="IPSharkkResources\ScriptsIpList.js">
      <Filter>Resource Files</Filter>
    </CustomBuild>
    <CustomBuild Include="flags\TC.png">
      <Filter>Resource Files</Filter>
    </CustomBuild>
    <CustomBuild Include="flags\TD.png">
      <Filter>Resource Files</Filter>
    </CustomBuild>
    <CustomBuild Include="flags\TF.png">
      <Filter>Resource Files</Filter>
    </CustomBuild>
    <CustomBuild Include="flags\TG.png">
      <Filter>Resource Files</Filter>
    </CustomBuild>
    <CustomBuild Include="flags\TH.png">
      <Filter>Resource Files</Filter>
    </CustomBuild>
    <CustomBuild Include="flags\TJ.png">
      <Filter>Resource Files</Filter>
    </CustomBuild>
    <CustomBuild Include="flags\TK.png">
      <Filter>Resource Files</Filter>
    </CustomBuild>
    <CustomBuild Include="flags\TL.png">
      <Filter>Resource Files</Filter>
    </CustomBuild>
    <CustomBuild Include="flags\TM.png">
      <Filter>Resource Files</Filter>
    </CustomBuild>
    <CustomBuild Include="flags\TN.png">
      <Filter>Resource Files</Filter>
    </CustomBuild>
    <CustomBuild Include="flags\TO.png">
      <Filter>Resource Files</Filter>
    </CustomBuild>
    <CustomBuild Include="flags\TR.png">
      <Filter>Resource Files</Filter>
    </CustomBuild>
    <CustomBuild Include="flags\TT.png">
      <Filter>Resource Files</Filter>
    </CustomBuild>
    <CustomBuild Include="flags\TV.png">
      <Filter>Resource Files</Filter>
    </CustomBuild>
    <CustomBuild Include="flags\TW.png">
      <Filter>Resource Files</Filter>
    </CustomBuild>
    <CustomBuild Include="flags\TZ.png">
      <Filter>Resource Files</Filter>
    </CustomBuild>
    <CustomBuild Include="IPSharkkResources\TuxlerLogo160.png">
      <Filter>Resource Files</Filter>
    </CustomBuild>
    <CustomBuild Include="IPSharkkResources\TuxlerLogo320.png">
      <Filter>Resource Files</Filter>
    </CustomBuild>
    <CustomBuild Include="flags\UA.png">
      <Filter>Resource Files</Filter>
    </CustomBuild>
    <CustomBuild Include="flags\UG.png">
      <Filter>Resource Files</Filter>
    </CustomBuild>
    <CustomBuild Include="flags\US.png">
      <Filter>Resource Files</Filter>
    </CustomBuild>
    <CustomBuild Include="flags\UY.png">
      <Filter>Resource Files</Filter>
    </CustomBuild>
    <CustomBuild Include="flags\UZ.png">
      <Filter>Resource Files</Filter>
    </CustomBuild>
    <CustomBuild Include="IPSharkkResources\UjkVR.png">
      <Filter>Resource Files</Filter>
    </CustomBuild>
    <CustomBuild Include="flags\VA.png">
      <Filter>Resource Files</Filter>
    </CustomBuild>
    <CustomBuild Include="flags\VC.png">
      <Filter>Resource Files</Filter>
    </CustomBuild>
    <CustomBuild Include="flags\VE.png">
      <Filter>Resource Files</Filter>
    </CustomBuild>
    <CustomBuild Include="flags\VG.png">
      <Filter>Resource Files</Filter>
    </CustomBuild>
    <CustomBuild Include="flags\VI.png">
      <Filter>Resource Files</Filter>
    </CustomBuild>
    <CustomBuild Include="flags\VN.png">
      <Filter>Resource Files</Filter>
    </CustomBuild>
    <CustomBuild Include="flags\VU.png">
      <Filter>Resource Files</Filter>
    </CustomBuild>
    <CustomBuild Include="flags\WF.png">
      <Filter>Resource Files</Filter>
    </CustomBuild>
    <CustomBuild Include="flags\WS.png">
      <Filter>Resource Files</Filter>
    </CustomBuild>
    <CustomBuild Include="flags\YE.png">
      <Filter>Resource Files</Filter>
    </CustomBuild>
    <CustomBuild Include="IPSharkkResources\YQRD7.png">
      <Filter>Resource Files</Filter>
    </CustomBuild>
    <CustomBuild Include="flags\YT.png">
      <Filter>Resource Files</Filter>
    </CustomBuild>
    <CustomBuild Include="flags\ZA.png">
      <Filter>Resource Files</Filter>
    </CustomBuild>
    <CustomBuild Include="flags\ZM.png">
      <Filter>Resource Files</Filter>
    </CustomBuild>
    <CustomBuild Include="flags\ZW.png">
      <Filter>Resource Files</Filter>
    </CustomBuild>
    <CustomBuild Include="flags\_abkhazia.png">
      <Filter>Resource Files</Filter>
    </CustomBuild>
    <CustomBuild Include="flags\_basque-country.png">
      <Filter>Resource Files</Filter>
    </CustomBuild>
    <CustomBuild Include="flags\_british-antarctic-territory.png">
      <Filter>Resource Files</Filter>
    </CustomBuild>
    <CustomBuild Include="flags\_commonwealth.png">
      <Filter>Resource Files</Filter>
    </CustomBuild>
    <CustomBuild Include="flags\_england.png">
      <Filter>Resource Files</Filter>
    </CustomBuild>
    <CustomBuild Include="flags\_gosquared.png">
      <Filter>Resource Files</Filter>
    </CustomBuild>
    <CustomBuild Include="flags\_kosovo.png">
      <Filter>Resource Files</Filter>
    </CustomBuild>
    <CustomBuild Include="flags\_mars.png">
      <Filter>Resource Files</Filter>
    </CustomBuild>
    <CustomBuild Include="flags\_nagorno-karabakh.png">
      <Filter>Resource Files</Filter>
    </CustomBuild>
    <CustomBuild Include="flags\_nato.png">
      <Filter>Resource Files</Filter>
    </CustomBuild>
    <CustomBuild Include="flags\_northern-cyprus.png">
      <Filter>Resource Files</Filter>
    </CustomBuild>
    <CustomBuild Include="flags\_olympics.png">
      <Filter>Resource Files</Filter>
    </CustomBuild>
    <CustomBuild Include="flags\_red-cross.png">
      <Filter>Resource Files</Filter>
    </CustomBuild>
    <CustomBuild Include="flags\_scotland.png">
      <Filter>Resource Files</Filter>
    </CustomBuild>
    <CustomBuild Include="flags\_somaliland.png">
      <Filter>Resource Files</Filter>
    </CustomBuild>
    <CustomBuild Include="flags\_south-ossetia.png">
      <Filter>Resource Files</Filter>
    </CustomBuild>
    <CustomBuild Include="flags\_united-nations.png">
      <Filter>Resource Files</Filter>
    </CustomBuild>
    <CustomBuild Include="flags\_unknown.png">
      <Filter>Resource Files</Filter>
    </CustomBuild>
    <CustomBuild Include="flags\_wales.png">
      <Filter>Resource Files</Filter>
    </CustomBuild>
    <CustomBuild Include="IPSharkkResources\aKKDY.png">
      <Filter>Resource Files</Filter>
    </CustomBuild>
    <CustomBuild Include="IPSharkkResources\app_logo.png">
      <Filter>Resource Files</Filter>
    </CustomBuild>
    <CustomBuild Include="IPSharkkResources\background.png">
      <Filter>Resource Files</Filter>
    </CustomBuild>
    <CustomBuild Include="IPSharkkResources\backgroundmask.png">
      <Filter>Resource Files</Filter>
    </CustomBuild>
    <CustomBuild Include="IPSharkkResources\button-clicked.png">
      <Filter>Resource Files</Filter>
    </CustomBuild>
    <CustomBuild Include="IPSharkkResources\button-hover.png">
      <Filter>Resource Files</Filter>
    </CustomBuild>
    <CustomBuild Include="IPSharkkResources\button-menu-hover.png">
      <Filter>Resource Files</Filter>
    </CustomBuild>
    <CustomBuild Include="IPSharkkResources\button-menu.png">
      <Filter>Resource Files</Filter>
    </CustomBuild>
    <CustomBuild Include="IPSharkkResources\button.png">
      <Filter>Resource Files</Filter>
    </CustomBuild>
    <CustomBuild Include="IPSharkkResources\button_menu.png">
      <Filter>Resource Files</Filter>
    </CustomBuild>
    <CustomBuild Include="IPSharkkResources\buttons.png">
      <Filter>Resource Files</Filter>
    </CustomBuild>
    <CustomBuild Include="IPSharkkResources\buttonsb.png">
      <Filter>Resource Files</Filter>
    </CustomBuild>
    <CustomBuild Include="IPSharkkResources\buttonshover.png">
      <Filter>Resource Files</Filter>
    </CustomBuild>
    <CustomBuild Include="IPSharkkResources\buypro.png">
      <Filter>Resource Files</Filter>
    </CustomBuild>
    <CustomBuild Include="IPSharkkResources\close.png">
      <Filter>Resource Files</Filter>
    </CustomBuild>
    <CustomBuild Include="IPSharkkResources\closec.png">
      <Filter>Resource Files</Filter>
    </CustomBuild>
    <CustomBuild Include="IPSharkkResources\closeh.png">
      <Filter>Resource Files</Filter>
    </CustomBuild>
    <CustomBuild Include="IPSharkkResources\cursor.gif">
      <Filter>Resource Files</Filter>
    </CustomBuild>
    <CustomBuild Include="IPSharkkResources\dGOKL.png">
      <Filter>Resource Files</Filter>
    </CustomBuild>
    <CustomBuild Include="IPSharkkResources\flag_fr.ico">
      <Filter>Resource Files</Filter>
    </CustomBuild>
    <CustomBuild Include="IPSharkkResources\flag_fr.png">
      <Filter>Resource Files</Filter>
    </CustomBuild>
    <CustomBuild Include="IPSharkkResources\gT5BM.png">
      <Filter>Resource Files</Filter>
    </CustomBuild>
    <CustomBuild Include="IPSharkkResources\gui.html">
      <Filter>Resource Files</Filter>
    </CustomBuild>
    <CustomBuild Include="IPSharkkResources\icon_128x128.png">
      <Filter>Resource Files</Filter>
    </CustomBuild>
    <CustomBuild Include="IPSharkkResources\icon_16x16.png">
      <Filter>Resource Files</Filter>
    </CustomBuild>
    <CustomBuild Include="IPSharkkResources\icon_256x256.png">
      <Filter>Resource Files</Filter>
    </CustomBuild>
    <CustomBuild Include="IPSharkkResources\icon_32x32.png">
      <Filter>Resource Files</Filter>
    </CustomBuild>
    <CustomBuild Include="IPSharkkResources\icon_512x512.png">
      <Filter>Resource Files</Filter>
    </CustomBuild>
    <CustomBuild Include="IPSharkkResources\jQueryRotate.js">
      <Filter>Resource Files</Filter>
    </CustomBuild>
    <CustomBuild Include="IPSharkkResources\jquery-1.9.0.min.js">
      <Filter>Resource Files</Filter>
    </CustomBuild>
    <CustomBuild Include="IPSharkkResources\jquery-ui-1.10.2.custom.min.js">
      <Filter>Resource Files</Filter>
    </CustomBuild>
    <CustomBuild Include="IPSharkkResources\jquery-ui-cupertino.css">
      <Filter>Resource Files</Filter>
    </CustomBuild>
    <CustomBuild Include="IPSharkkResources\jquery-ui-excite.css">
      <Filter>Resource Files</Filter>
    </CustomBuild>
    <CustomBuild Include="IPSharkkResources\jquery-ui-flick.css">
      <Filter>Resource Files</Filter>
    </CustomBuild>
    <CustomBuild Include="IPSharkkResources\jquery-ui-lightness.css">
      <Filter>Resource Files</Filter>
    </CustomBuild>
    <CustomBuild Include="IPSharkkResources\jquery-ui-redmont.css">
      <Filter>Resource Files</Filter>
    </CustomBuild>
    <CustomBuild Include="IPSharkkResources\jquery-ui-sunny.css">
      <Filter>Resource Files</Filter>
    </CustomBuild>
    <CustomBuild Include="IPSharkkResources\jquery.jqGrid.min.js">
      <Filter>Resource Files</Filter>
    </CustomBuild>
    <CustomBuild Include="IPSharkkResources\lefttool.png">
      <Filter>Resource Files</Filter>
    </CustomBuild>
    <CustomBuild Include="IPSharkkResources\lite-plus.png">
      <Filter>Resource Files</Filter>
    </CustomBuild>
    <CustomBuild Include="IPSharkkResources\loadingflag.gif">
      <Filter>Resource Files</Filter>
    </CustomBuild>
    <CustomBuild Include="IPSharkkResources\maximize.png">
      <Filter>Resource Files</Filter>
    </CustomBuild>
    <CustomBuild Include="IPSharkkResources\maximizec.png">
      <Filter>Resource Files</Filter>
    </CustomBuild>
    <CustomBuild Include="IPSharkkResources\maximizeh.png">
      <Filter>Resource Files</Filter>
    </CustomBuild>
    <CustomBuild Include="IPSharkkResources\middletool.png">
      <Filter>Resource Files</Filter>
    </CustomBuild>
    <CustomBuild Include="IPSharkkResources\minimize.png">
      <Filter>Resource Files</Filter>
    </CustomBuild>
    <CustomBuild Include="IPSharkkResources\minimizec.png">
      <Filter>Resource Files</Filter>
    </CustomBuild>
    <CustomBuild Include="IPSharkkResources\minimizeh.png">
      <Filter>Resource Files</Filter>
    </CustomBuild>
    <CustomBuild Include="IPSharkkResources\p7j9a.png">
      <Filter>Resource Files</Filter>
    </CustomBuild>
    <CustomBuild Include="IPSharkkResources\p9yMk.png">
      <Filter>Resource Files</Filter>
    </CustomBuild>
    <CustomBuild Include="IPSharkkResources\perfect-scrollbar.min.css">
      <Filter>Resource Files</Filter>
    </CustomBuild>
    <CustomBuild Include="IPSharkkResources\puDsH.png">
      <Filter>Resource Files</Filter>
    </CustomBuild>
    <CustomBuild Include="IPSharkkResources\rPEsZ.png">
      <Filter>Resource Files</Filter>
    </CustomBuild>
    <CustomBuild Include="IPSharkkResources\resize.png">
      <Filter>Resource Files</Filter>
    </CustomBuild>
    <CustomBuild Include="IPSharkkResources\righttool.png">
      <Filter>Resource Files</Filter>
    </CustomBuild>
    <CustomBuild Include="IPSharkkResources\scripts.js">
      <Filter>Resource Files</Filter>
    </CustomBuild>
    <CustomBuild Include="IPSharkkResources\style.css">
      <Filter>Resource Files</Filter>
    </CustomBuild>
    <CustomBuild Include="IPSharkkResources\tbl_head_bg.png">
      <Filter>Resource Files</Filter>
    </CustomBuild>
    <CustomBuild Include="IPSharkkResources\titlebar.png">
      <Filter>Resource Files</Filter>
    </CustomBuild>
    <CustomBuild Include="IPSharkkResources\titlebarbig.png">
      <Filter>Resource Files</Filter>
    </CustomBuild>
    <CustomBuild Include="IPSharkkResources\tuxler.png">
      <Filter>Resource Files</Filter>
    </CustomBuild>
    <CustomBuild Include="IPSharkkResources\uW3TL.png">
      <Filter>Resource Files</Filter>
    </CustomBuild>
    <CustomBuild Include="instancecommunication.h">
      <Filter>Header Files</Filter>
    </CustomBuild>
    <CustomBuild Include="newipengineconnector.h">
      <Filter>Header Files</Filter>
    </CustomBuild>
    <CustomBuild Include="WebSocketClient.h">
      <Filter>Header Files</Filter>
    </CustomBuild>
  </ItemGroup>
  <ItemGroup>
    <ClCompile Include="debug\moc_jsbridge.cpp">
      <Filter>Generated Files</Filter>
    </ClCompile>
    <ClCompile Include="release\moc_jsbridge.cpp">
      <Filter>Generated Files</Filter>
    </ClCompile>
    <ClCompile Include="debug\moc_mainwindow.cpp">
      <Filter>Generated Files</Filter>
    </ClCompile>
    <ClCompile Include="release\moc_mainwindow.cpp">
      <Filter>Generated Files</Filter>
    </ClCompile>
    <ClCompile Include="debug\moc_messageqeue.cpp">
      <Filter>Generated Files</Filter>
    </ClCompile>
    <ClCompile Include="release\moc_messageqeue.cpp">
      <Filter>Generated Files</Filter>
    </ClCompile>
    <ClCompile Include="debug\moc_settings.cpp">
      <Filter>Generated Files</Filter>
    </ClCompile>
    <ClCompile Include="release\moc_settings.cpp">
      <Filter>Generated Files</Filter>
    </ClCompile>
    <ClCompile Include="debug\moc_systemproxy.cpp">
      <Filter>Generated Files</Filter>
    </ClCompile>
    <ClCompile Include="release\moc_systemproxy.cpp">
      <Filter>Generated Files</Filter>
    </ClCompile>
    <ClCompile Include="debug\moc_tooltip.cpp">
      <Filter>Generated Files</Filter>
    </ClCompile>
    <ClCompile Include="release\moc_tooltip.cpp">
      <Filter>Generated Files</Filter>
    </ClCompile>
    <ClCompile Include="debug\moc_tuxlerapp.cpp">
      <Filter>Generated Files</Filter>
    </ClCompile>
    <ClCompile Include="release\moc_tuxlerapp.cpp">
      <Filter>Generated Files</Filter>
    </ClCompile>
    <ClCompile Include="debug\qrc_resourcesIPSharkk.cpp">
      <Filter>Generated Files</Filter>
    </ClCompile>
    <ClCompile Include="release\qrc_resourcesIPSharkk.cpp">
      <Filter>Generated Files</Filter>
    </ClCompile>
  </ItemGroup>
  <ItemGroup>
    <CustomBuild Include="mainwindowIPSHARKK.ui">
      <Filter>Form Files</Filter>
    </CustomBuild>
    <CustomBuild Include="tooltipIPSHARKK.ui">
      <Filter>Form Files</Filter>
    </CustomBuild>
  </ItemGroup>
  <ItemGroup>
    <CustomBuild Include="resourcesIPSharkk.qrc">
      <Filter>Resource Files</Filter>
    </CustomBuild>
  </ItemGroup>
  <ItemGroup>
    <ResourceCompile Include="AppInfoIPSharkk.rc" />
  </ItemGroup>
  <ItemGroup>
    <None Include="icoIPSharkk.ico" />
    <None Include="setup\installIPSharkk.iss" />
  </ItemGroup>
  <ItemGroup>
    <ClInclude Include="resource.h">
      <Filter>Generated Files</Filter>
    </ClInclude>
    <ClInclude Include="config.h">
      <Filter>Header Files</Filter>
    </ClInclude>
    <ClInclude Include="version_info_ipsharkk.h">
      <Filter>Header Files</Filter>
    </ClInclude>
    <ClInclude Include="base64.h">
      <Filter>Header Files</Filter>
    </ClInclude>
  </ItemGroup>
</Project>